
Microsoft Visual Studio Solution File, Format Version 12.00
# Visual Studio Version 16
VisualStudioVersion = 16.0.31624.102
MinimumVisualStudioVersion = 10.0.40219.1
Project("{FAE04EC0-301F-11D3-BF4B-00C04F79EFBC}") = "ClassHierarchy", "ClassHierarchy\ClassHierarchy.csproj", "{8A155D07-0DE4-43CA-B948-CD3ABB5F5F19}"
EndProject
Global
	GlobalSection(SolutionConfigurationPlatforms) = preSolution
		Debug|Any CPU = Debug|Any CPU
		Release|Any CPU = Release|Any CPU
	EndGlobalSection
	GlobalSection(ProjectConfigurationPlatforms) = postSolution
		{8A155D07-0DE4-43CA-B948-CD3ABB5F5F19}.Debug|Any CPU.ActiveCfg = Debug|Any CPU
		{8A155D07-0DE4-43CA-B948-CD3ABB5F5F19}.Debug|Any CPU.Build.0 = Debug|Any CPU
		{8A155D07-0DE4-43CA-B948-CD3ABB5F5F19}.Release|Any CPU.ActiveCfg = Release|Any CPU
		{8A155D07-0DE4-43CA-B948-CD3ABB5F5F19}.Release|Any CPU.Build.0 = Release|Any CPU
	EndGlobalSection
	GlobalSection(SolutionProperties) = preSolution
		HideSolutionNode = FALSE
	EndGlobalSection
	GlobalSection(ExtensibilityGlobals) = postSolution
		SolutionGuid = {C1BFA8BC-7A6F-40E8-A01B-CE846BD1C0E7}
	EndGlobalSection
EndGlobal
